
Microsoft Visual Studio Solution File, Format Version 12.00
# Visual Studio Version 17
VisualStudioVersion = 17.5.33530.505
MinimumVisualStudioVersion = 10.0.40219.1
Project("{2150E333-8FDC-42A3-9474-1A3956D46DE8}") = "src", "src", "{66E3CF89-CF59-493A-993D-1A897E47D011}"
EndProject
Project("{2150E333-8FDC-42A3-9474-1A3956D46DE8}") = "ApiGateways", "ApiGateways", "{97B88516-ECDE-45B7-B1AC-26E61F0B8674}"
EndProject
Project("{2150E333-8FDC-42A3-9474-1A3956D46DE8}") = "BuildingBlocks", "BuildingBlocks", "{6676AD69-A816-4C0C-8326-42B41C4EDFA3}"
EndProject
Project("{2150E333-8FDC-42A3-9474-1A3956D46DE8}") = "Services", "Services", "{E107F46A-03B5-4F04-B0A2-8ACCDCE0F7B4}"
EndProject
Project("{2150E333-8FDC-42A3-9474-1A3956D46DE8}") = "Webs", "Webs", "{7E0F2C2F-FAB5-40BD-A5EB-7620FA7748F8}"
EndProject
Project("{2150E333-8FDC-42A3-9474-1A3956D46DE8}") = "Ordering", "Ordering", "{BB699567-D708-43F5-A38B-7C835F4EB91E}"
EndProject
Project("{9A19103F-16F7-4668-BE54-9A1E7A4F7556}") = "Ordering.API", "Services\Ordering\Ordering.API\Ordering.API.csproj", "{5FBF56A8-6F0D-4E34-88A4-3BB27F35AEA3}"
EndProject
Project("{9A19103F-16F7-4668-BE54-9A1E7A4F7556}") = "Ordering.Domain", "Services\Ordering\Ordering.Domain\Ordering.Domain.csproj", "{34EE1BB2-0424-41E1-8593-F5022AF5490C}"
EndProject
Project("{2150E333-8FDC-42A3-9474-1A3956D46DE8}") = "Solution Items", "Solution Items", "{AC910C2D-572C-4574-B026-35E30FDF8055}"
	ProjectSection(SolutionItems) = preProject
		.env = .env
	EndProjectSection
EndProject
Project("{E53339B2-1760-4266-BCC7-CA923CBCF16C}") = "docker-compose", "docker-compose.dcproj", "{F4C8E196-868A-4507-8FF2-00B44A77DC64}"
EndProject
Project("{9A19103F-16F7-4668-BE54-9A1E7A4F7556}") = "Ordering.Infrastructure", "Services\Ordering\Ordering.Infrastructure\Ordering.Infrastructure.csproj", "{F6FE9E1C-5CBA-4ACF-B96E-EA6E719A5DE9}"
EndProject
Project("{2150E333-8FDC-42A3-9474-1A3956D46DE8}") = "Identity", "Identity", "{F486E3D3-B378-4AB3-B081-CDBD1D08289B}"
EndProject
Project("{9A19103F-16F7-4668-BE54-9A1E7A4F7556}") = "Identity.API", "Services\Identity\Identity.API\Identity.API.csproj", "{87C266D0-063E-4277-BFD8-E24AD9CF611C}"
EndProject
Project("{2150E333-8FDC-42A3-9474-1A3956D46DE8}") = "Web.Bff.Shopping", "Web.Bff.Shopping", "{299179FF-66C5-47A2-8891-F4CEEA569825}"
EndProject
Project("{9A19103F-16F7-4668-BE54-9A1E7A4F7556}") = "Web.Shopping.HttpAggregator", "ApiGateways\Web.Bff.Shopping\Web.Shopping.HttpAggregator\Web.Shopping.HttpAggregator.csproj", "{68953092-590D-437B-88D2-0F280052FFCC}"
EndProject
Project("{2150E333-8FDC-42A3-9474-1A3956D46DE8}") = "Basket", "Basket", "{F20CD30C-ECB4-48E7-B58D-A856CB5EA7FC}"
EndProject
Project("{9A19103F-16F7-4668-BE54-9A1E7A4F7556}") = "Basket.API", "Services\Basket\Basket.API\Basket.API.csproj", "{EACF1ED6-3916-49C3-9B2F-BAEB9757BA2F}"
EndProject
Project("{2150E333-8FDC-42A3-9474-1A3956D46DE8}") = "Common", "Common", "{4E5F5466-301E-4606-92F9-C8E201739F8C}"
EndProject
Project("{9A19103F-16F7-4668-BE54-9A1E7A4F7556}") = "Service.Common", "Services\Common\Service.Common\Service.Common.csproj", "{9B6DB3CD-B6F5-495F-BCD4-3AA513784380}"
EndProject
Project("{2150E333-8FDC-42A3-9474-1A3956D46DE8}") = "Catalog", "Catalog", "{A46DE394-4A26-4301-A177-66F1E9FB1920}"
EndProject
Project("{9A19103F-16F7-4668-BE54-9A1E7A4F7556}") = "Catalog.API", "Services\Catalog\Catalog.API\Catalog.API.csproj", "{73D4DF35-D748-442B-B3E5-A5929FE2CA9D}"
EndProject
Project("{9A19103F-16F7-4668-BE54-9A1E7A4F7556}") = "WebMVC", "Webs\WebMVC\WebMVC.csproj", "{4E763110-52E3-444E-B9D7-CF8425EFA11B}"
EndProject
Global
	GlobalSection(SolutionConfigurationPlatforms) = preSolution
		Debug|Any CPU = Debug|Any CPU
		Release|Any CPU = Release|Any CPU
	EndGlobalSection
	GlobalSection(ProjectConfigurationPlatforms) = postSolution
		{5FBF56A8-6F0D-4E34-88A4-3BB27F35AEA3}.Debug|Any CPU.ActiveCfg = Debug|Any CPU
		{5FBF56A8-6F0D-4E34-88A4-3BB27F35AEA3}.Debug|Any CPU.Build.0 = Debug|Any CPU
		{5FBF56A8-6F0D-4E34-88A4-3BB27F35AEA3}.Release|Any CPU.ActiveCfg = Release|Any CPU
		{5FBF56A8-6F0D-4E34-88A4-3BB27F35AEA3}.Release|Any CPU.Build.0 = Release|Any CPU
		{34EE1BB2-0424-41E1-8593-F5022AF5490C}.Debug|Any CPU.ActiveCfg = Debug|Any CPU
		{34EE1BB2-0424-41E1-8593-F5022AF5490C}.Debug|Any CPU.Build.0 = Debug|Any CPU
		{34EE1BB2-0424-41E1-8593-F5022AF5490C}.Release|Any CPU.ActiveCfg = Release|Any CPU
		{34EE1BB2-0424-41E1-8593-F5022AF5490C}.Release|Any CPU.Build.0 = Release|Any CPU
		{F4C8E196-868A-4507-8FF2-00B44A77DC64}.Debug|Any CPU.ActiveCfg = Debug|Any CPU
		{F4C8E196-868A-4507-8FF2-00B44A77DC64}.Debug|Any CPU.Build.0 = Debug|Any CPU
		{F4C8E196-868A-4507-8FF2-00B44A77DC64}.Release|Any CPU.ActiveCfg = Release|Any CPU
		{F4C8E196-868A-4507-8FF2-00B44A77DC64}.Release|Any CPU.Build.0 = Release|Any CPU
		{F6FE9E1C-5CBA-4ACF-B96E-EA6E719A5DE9}.Debug|Any CPU.ActiveCfg = Debug|Any CPU
		{F6FE9E1C-5CBA-4ACF-B96E-EA6E719A5DE9}.Debug|Any CPU.Build.0 = Debug|Any CPU
		{F6FE9E1C-5CBA-4ACF-B96E-EA6E719A5DE9}.Release|Any CPU.ActiveCfg = Release|Any CPU
		{F6FE9E1C-5CBA-4ACF-B96E-EA6E719A5DE9}.Release|Any CPU.Build.0 = Release|Any CPU
		{87C266D0-063E-4277-BFD8-E24AD9CF611C}.Debug|Any CPU.ActiveCfg = Debug|Any CPU
		{87C266D0-063E-4277-BFD8-E24AD9CF611C}.Debug|Any CPU.Build.0 = Debug|Any CPU
		{87C266D0-063E-4277-BFD8-E24AD9CF611C}.Release|Any CPU.ActiveCfg = Release|Any CPU
		{87C266D0-063E-4277-BFD8-E24AD9CF611C}.Release|Any CPU.Build.0 = Release|Any CPU
		{68953092-590D-437B-88D2-0F280052FFCC}.Debug|Any CPU.ActiveCfg = Debug|Any CPU
		{68953092-590D-437B-88D2-0F280052FFCC}.Debug|Any CPU.Build.0 = Debug|Any CPU
		{68953092-590D-437B-88D2-0F280052FFCC}.Release|Any CPU.ActiveCfg = Release|Any CPU
		{68953092-590D-437B-88D2-0F280052FFCC}.Release|Any CPU.Build.0 = Release|Any CPU
		{EACF1ED6-3916-49C3-9B2F-BAEB9757BA2F}.Debug|Any CPU.ActiveCfg = Debug|Any CPU
		{EACF1ED6-3916-49C3-9B2F-BAEB9757BA2F}.Debug|Any CPU.Build.0 = Debug|Any CPU
		{EACF1ED6-3916-49C3-9B2F-BAEB9757BA2F}.Release|Any CPU.ActiveCfg = Release|Any CPU
		{EACF1ED6-3916-49C3-9B2F-BAEB9757BA2F}.Release|Any CPU.Build.0 = Release|Any CPU
		{9B6DB3CD-B6F5-495F-BCD4-3AA513784380}.Debug|Any CPU.ActiveCfg = Debug|Any CPU
		{9B6DB3CD-B6F5-495F-BCD4-3AA513784380}.Debug|Any CPU.Build.0 = Debug|Any CPU
		{9B6DB3CD-B6F5-495F-BCD4-3AA513784380}.Release|Any CPU.ActiveCfg = Release|Any CPU
		{9B6DB3CD-B6F5-495F-BCD4-3AA513784380}.Release|Any CPU.Build.0 = Release|Any CPU
		{73D4DF35-D748-442B-B3E5-A5929FE2CA9D}.Debug|Any CPU.ActiveCfg = Debug|Any CPU
		{73D4DF35-D748-442B-B3E5-A5929FE2CA9D}.Debug|Any CPU.Build.0 = Debug|Any CPU
		{73D4DF35-D748-442B-B3E5-A5929FE2CA9D}.Release|Any CPU.ActiveCfg = Release|Any CPU
		{73D4DF35-D748-442B-B3E5-A5929FE2CA9D}.Release|Any CPU.Build.0 = Release|Any CPU
		{4E763110-52E3-444E-B9D7-CF8425EFA11B}.Debug|Any CPU.ActiveCfg = Debug|Any CPU
		{4E763110-52E3-444E-B9D7-CF8425EFA11B}.Debug|Any CPU.Build.0 = Debug|Any CPU
		{4E763110-52E3-444E-B9D7-CF8425EFA11B}.Release|Any CPU.ActiveCfg = Release|Any CPU
		{4E763110-52E3-444E-B9D7-CF8425EFA11B}.Release|Any CPU.Build.0 = Release|Any CPU
	EndGlobalSection
	GlobalSection(SolutionProperties) = preSolution
		HideSolutionNode = FALSE
	EndGlobalSection
	GlobalSection(NestedProjects) = preSolution
		{97B88516-ECDE-45B7-B1AC-26E61F0B8674} = {66E3CF89-CF59-493A-993D-1A897E47D011}
		{6676AD69-A816-4C0C-8326-42B41C4EDFA3} = {66E3CF89-CF59-493A-993D-1A897E47D011}
		{E107F46A-03B5-4F04-B0A2-8ACCDCE0F7B4} = {66E3CF89-CF59-493A-993D-1A897E47D011}
		{7E0F2C2F-FAB5-40BD-A5EB-7620FA7748F8} = {66E3CF89-CF59-493A-993D-1A897E47D011}
		{BB699567-D708-43F5-A38B-7C835F4EB91E} = {E107F46A-03B5-4F04-B0A2-8ACCDCE0F7B4}
		{5FBF56A8-6F0D-4E34-88A4-3BB27F35AEA3} = {BB699567-D708-43F5-A38B-7C835F4EB91E}
		{34EE1BB2-0424-41E1-8593-F5022AF5490C} = {BB699567-D708-43F5-A38B-7C835F4EB91E}
		{F6FE9E1C-5CBA-4ACF-B96E-EA6E719A5DE9} = {BB699567-D708-43F5-A38B-7C835F4EB91E}
		{F486E3D3-B378-4AB3-B081-CDBD1D08289B} = {E107F46A-03B5-4F04-B0A2-8ACCDCE0F7B4}
		{87C266D0-063E-4277-BFD8-E24AD9CF611C} = {F486E3D3-B378-4AB3-B081-CDBD1D08289B}
		{299179FF-66C5-47A2-8891-F4CEEA569825} = {97B88516-ECDE-45B7-B1AC-26E61F0B8674}
		{68953092-590D-437B-88D2-0F280052FFCC} = {299179FF-66C5-47A2-8891-F4CEEA569825}
		{F20CD30C-ECB4-48E7-B58D-A856CB5EA7FC} = {E107F46A-03B5-4F04-B0A2-8ACCDCE0F7B4}
		{EACF1ED6-3916-49C3-9B2F-BAEB9757BA2F} = {F20CD30C-ECB4-48E7-B58D-A856CB5EA7FC}
		{4E5F5466-301E-4606-92F9-C8E201739F8C} = {E107F46A-03B5-4F04-B0A2-8ACCDCE0F7B4}
		{9B6DB3CD-B6F5-495F-BCD4-3AA513784380} = {4E5F5466-301E-4606-92F9-C8E201739F8C}
		{A46DE394-4A26-4301-A177-66F1E9FB1920} = {E107F46A-03B5-4F04-B0A2-8ACCDCE0F7B4}
		{73D4DF35-D748-442B-B3E5-A5929FE2CA9D} = {A46DE394-4A26-4301-A177-66F1E9FB1920}
		{4E763110-52E3-444E-B9D7-CF8425EFA11B} = {7E0F2C2F-FAB5-40BD-A5EB-7620FA7748F8}
	EndGlobalSection
	GlobalSection(ExtensibilityGlobals) = postSolution
		SolutionGuid = {75C20008-DC2E-47E3-9917-58C23D52A2C9}
	EndGlobalSection
EndGlobal
